
Microsoft Visual Studio Solution File, Format Version 12.00
# Visual Studio Version 16
VisualStudioVersion = 16.6.30114.105
MinimumVisualStudioVersion = 10.0.40219.1
Project("{2150E333-8FDC-42A3-9474-1A3956D46DE8}") = "src", "src", "{C49E3331-6728-4A1F-A39D-55F2F41E5165}"
EndProject
Project("{FAE04EC0-301F-11D3-BF4B-00C04F79EFBC}") = "data-mapper", "src\data-mapper\data-mapper.csproj", "{5C647431-5A0B-4580-84DD-C43D90F0179D}"
EndProject
Project("{2150E333-8FDC-42A3-9474-1A3956D46DE8}") = "tests", "tests", "{030C465E-7545-4840-A428-35A64C6B16C2}"
EndProject
Project("{FAE04EC0-301F-11D3-BF4B-00C04F79EFBC}") = "data-mapper-test", "tests\data-mapper-test\data-mapper-test.csproj", "{C5FB6B17-F4CB-487F-ACC7-D9FC97673A7B}"
EndProject
Global
	GlobalSection(SolutionConfigurationPlatforms) = preSolution
		Debug|Any CPU = Debug|Any CPU
		Debug|x64 = Debug|x64
		Debug|x86 = Debug|x86
		Release|Any CPU = Release|Any CPU
		Release|x64 = Release|x64
		Release|x86 = Release|x86
	EndGlobalSection
	GlobalSection(SolutionProperties) = preSolution
		HideSolutionNode = FALSE
	EndGlobalSection
	GlobalSection(ProjectConfigurationPlatforms) = postSolution
		{5C647431-5A0B-4580-84DD-C43D90F0179D}.Debug|Any CPU.ActiveCfg = Debug|Any CPU
		{5C647431-5A0B-4580-84DD-C43D90F0179D}.Debug|Any CPU.Build.0 = Debug|Any CPU
		{5C647431-5A0B-4580-84DD-C43D90F0179D}.Debug|x64.ActiveCfg = Debug|Any CPU
		{5C647431-5A0B-4580-84DD-C43D90F0179D}.Debug|x64.Build.0 = Debug|Any CPU
		{5C647431-5A0B-4580-84DD-C43D90F0179D}.Debug|x86.ActiveCfg = Debug|Any CPU
		{5C647431-5A0B-4580-84DD-C43D90F0179D}.Debug|x86.Build.0 = Debug|Any CPU
		{5C647431-5A0B-4580-84DD-C43D90F0179D}.Release|Any CPU.ActiveCfg = Release|Any CPU
		{5C647431-5A0B-4580-84DD-C43D90F0179D}.Release|Any CPU.Build.0 = Release|Any CPU
		{5C647431-5A0B-4580-84DD-C43D90F0179D}.Release|x64.ActiveCfg = Release|Any CPU
		{5C647431-5A0B-4580-84DD-C43D90F0179D}.Release|x64.Build.0 = Release|Any CPU
		{5C647431-5A0B-4580-84DD-C43D90F0179D}.Release|x86.ActiveCfg = Release|Any CPU
		{5C647431-5A0B-4580-84DD-C43D90F0179D}.Release|x86.Build.0 = Release|Any CPU
		{C5FB6B17-F4CB-487F-ACC7-D9FC97673A7B}.Debug|Any CPU.ActiveCfg = Debug|Any CPU
		{C5FB6B17-F4CB-487F-ACC7-D9FC97673A7B}.Debug|Any CPU.Build.0 = Debug|Any CPU
		{C5FB6B17-F4CB-487F-ACC7-D9FC97673A7B}.Debug|x64.ActiveCfg = Debug|Any CPU
		{C5FB6B17-F4CB-487F-ACC7-D9FC97673A7B}.Debug|x64.Build.0 = Debug|Any CPU
		{C5FB6B17-F4CB-487F-ACC7-D9FC97673A7B}.Debug|x86.ActiveCfg = Debug|Any CPU
		{C5FB6B17-F4CB-487F-ACC7-D9FC97673A7B}.Debug|x86.Build.0 = Debug|Any CPU
		{C5FB6B17-F4CB-487F-ACC7-D9FC97673A7B}.Release|Any CPU.ActiveCfg = Release|Any CPU
		{C5FB6B17-F4CB-487F-ACC7-D9FC97673A7B}.Release|Any CPU.Build.0 = Release|Any CPU
		{C5FB6B17-F4CB-487F-ACC7-D9FC97673A7B}.Release|x64.ActiveCfg = Release|Any CPU
		{C5FB6B17-F4CB-487F-ACC7-D9FC97673A7B}.Release|x64.Build.0 = Release|Any CPU
		{C5FB6B17-F4CB-487F-ACC7-D9FC97673A7B}.Release|x86.ActiveCfg = Release|Any CPU
		{C5FB6B17-F4CB-487F-ACC7-D9FC97673A7B}.Release|x86.Build.0 = Release|Any CPU
	EndGlobalSection
	GlobalSection(NestedProjects) = preSolution
		{5C647431-5A0B-4580-84DD-C43D90F0179D} = {C49E3331-6728-4A1F-A39D-55F2F41E5165}
		{C5FB6B17-F4CB-487F-ACC7-D9FC97673A7B} = {030C465E-7545-4840-A428-35A64C6B16C2}
	EndGlobalSection
EndGlobal
